
Microsoft Visual Studio Solution File, Format Version 12.00
# Visual Studio 2013
VisualStudioVersion = 12.0.31101.0
MinimumVisualStudioVersion = 10.0.40219.1
Project("{FAE04EC0-301F-11D3-BF4B-00C04F79EFBC}") = "1.2.3", "1.2.3\1.2.3.csproj", "{D9294B98-6D96-41CF-9C61-D522B7AC6315}"
EndProject
Global
	GlobalSection(SolutionConfigurationPlatforms) = preSolution
		Debug|Any CPU = Debug|Any CPU
		Release|Any CPU = Release|Any CPU
	EndGlobalSection
	GlobalSection(ProjectConfigurationPlatforms) = postSolution
		{D9294B98-6D96-41CF-9C61-D522B7AC6315}.Debug|Any CPU.ActiveCfg = Debug|Any CPU
		{D9294B98-6D96-41CF-9C61-D522B7AC6315}.Debug|Any CPU.Build.0 = Debug|Any CPU
		{D9294B98-6D96-41CF-9C61-D522B7AC6315}.Release|Any CPU.ActiveCfg = Release|Any CPU
		{D9294B98-6D96-41CF-9C61-D522B7AC6315}.Release|Any CPU.Build.0 = Release|Any CPU
	EndGlobalSection
	GlobalSection(SolutionProperties) = preSolution
		HideSolutionNode = FALSE
	EndGlobalSection
EndGlobal
